
Microsoft Visual Studio Solution File, Format Version 12.00
# Visual Studio Version 16
VisualStudioVersion = 16.0.31129.286
MinimumVisualStudioVersion = 10.0.40219.1
Project("{FAE04EC0-301F-11D3-BF4B-00C04F79EFBC}") = "ClientLib", "ClientLib\ClientLib.csproj", "{0B6252A6-5770-4259-8519-43AE6B162EEE}"
EndProject
Project("{FAE04EC0-301F-11D3-BF4B-00C04F79EFBC}") = "ClientTest", "ClientTest\ClientTest.csproj", "{8834D3EE-FF6F-423E-888D-10E045416BA8}"
EndProject
Project("{8BC9CEB8-8B4A-11D0-8D11-00A0C91BC942}") = "ClientTest_cpp", "ClientTest_cpp\ClientTest_cpp.vcxproj", "{0B7E2C16-1F16-4F44-8451-FD5E22654313}"
EndProject
Project("{FAE04EC0-301F-11D3-BF4B-00C04F79EFBC}") = "MultiClientText_cs", "MultiClientText_cs\MultiClientText_cs.csproj", "{FE93CC71-28C7-4673-8589-47E302C95DE7}"
EndProject
Project("{FAE04EC0-301F-11D3-BF4B-00C04F79EFBC}") = "ClientArgsTest", "ClientArgsTest\ClientArgsTest.csproj", "{491D3B7D-5178-473F-8021-0CA81368FE59}"
EndProject
Global
	GlobalSection(SolutionConfigurationPlatforms) = preSolution
		Debug|Any CPU = Debug|Any CPU
		Debug|x64 = Debug|x64
		Debug|x86 = Debug|x86
		Release|Any CPU = Release|Any CPU
		Release|x64 = Release|x64
		Release|x86 = Release|x86
	EndGlobalSection
	GlobalSection(ProjectConfigurationPlatforms) = postSolution
		{0B6252A6-5770-4259-8519-43AE6B162EEE}.Debug|Any CPU.ActiveCfg = Debug|Any CPU
		{0B6252A6-5770-4259-8519-43AE6B162EEE}.Debug|Any CPU.Build.0 = Debug|Any CPU
		{0B6252A6-5770-4259-8519-43AE6B162EEE}.Debug|x64.ActiveCfg = Debug|Any CPU
		{0B6252A6-5770-4259-8519-43AE6B162EEE}.Debug|x64.Build.0 = Debug|Any CPU
		{0B6252A6-5770-4259-8519-43AE6B162EEE}.Debug|x86.ActiveCfg = Debug|Any CPU
		{0B6252A6-5770-4259-8519-43AE6B162EEE}.Debug|x86.Build.0 = Debug|Any CPU
		{0B6252A6-5770-4259-8519-43AE6B162EEE}.Release|Any CPU.ActiveCfg = Release|Any CPU
		{0B6252A6-5770-4259-8519-43AE6B162EEE}.Release|Any CPU.Build.0 = Release|Any CPU
		{0B6252A6-5770-4259-8519-43AE6B162EEE}.Release|x64.ActiveCfg = Release|Any CPU
		{0B6252A6-5770-4259-8519-43AE6B162EEE}.Release|x64.Build.0 = Release|Any CPU
		{0B6252A6-5770-4259-8519-43AE6B162EEE}.Release|x86.ActiveCfg = Release|Any CPU
		{0B6252A6-5770-4259-8519-43AE6B162EEE}.Release|x86.Build.0 = Release|Any CPU
		{8834D3EE-FF6F-423E-888D-10E045416BA8}.Debug|Any CPU.ActiveCfg = Debug|Any CPU
		{8834D3EE-FF6F-423E-888D-10E045416BA8}.Debug|Any CPU.Build.0 = Debug|Any CPU
		{8834D3EE-FF6F-423E-888D-10E045416BA8}.Debug|x64.ActiveCfg = Debug|Any CPU
		{8834D3EE-FF6F-423E-888D-10E045416BA8}.Debug|x64.Build.0 = Debug|Any CPU
		{8834D3EE-FF6F-423E-888D-10E045416BA8}.Debug|x86.ActiveCfg = Debug|Any CPU
		{8834D3EE-FF6F-423E-888D-10E045416BA8}.Debug|x86.Build.0 = Debug|Any CPU
		{8834D3EE-FF6F-423E-888D-10E045416BA8}.Release|Any CPU.ActiveCfg = Release|Any CPU
		{8834D3EE-FF6F-423E-888D-10E045416BA8}.Release|Any CPU.Build.0 = Release|Any CPU
		{8834D3EE-FF6F-423E-888D-10E045416BA8}.Release|x64.ActiveCfg = Release|Any CPU
		{8834D3EE-FF6F-423E-888D-10E045416BA8}.Release|x64.Build.0 = Release|Any CPU
		{8834D3EE-FF6F-423E-888D-10E045416BA8}.Release|x86.ActiveCfg = Release|Any CPU
		{8834D3EE-FF6F-423E-888D-10E045416BA8}.Release|x86.Build.0 = Release|Any CPU
		{0B7E2C16-1F16-4F44-8451-FD5E22654313}.Debug|Any CPU.ActiveCfg = Debug|Win32
		{0B7E2C16-1F16-4F44-8451-FD5E22654313}.Debug|x64.ActiveCfg = Debug|x64
		{0B7E2C16-1F16-4F44-8451-FD5E22654313}.Debug|x64.Build.0 = Debug|x64
		{0B7E2C16-1F16-4F44-8451-FD5E22654313}.Debug|x86.ActiveCfg = Debug|Win32
		{0B7E2C16-1F16-4F44-8451-FD5E22654313}.Debug|x86.Build.0 = Debug|Win32
		{0B7E2C16-1F16-4F44-8451-FD5E22654313}.Release|Any CPU.ActiveCfg = Release|Win32
		{0B7E2C16-1F16-4F44-8451-FD5E22654313}.Release|x64.ActiveCfg = Release|x64
		{0B7E2C16-1F16-4F44-8451-FD5E22654313}.Release|x64.Build.0 = Release|x64
		{0B7E2C16-1F16-4F44-8451-FD5E22654313}.Release|x86.ActiveCfg = Release|Win32
		{0B7E2C16-1F16-4F44-8451-FD5E22654313}.Release|x86.Build.0 = Release|Win32
		{FE93CC71-28C7-4673-8589-47E302C95DE7}.Debug|Any CPU.ActiveCfg = Debug|Any CPU
		{FE93CC71-28C7-4673-8589-47E302C95DE7}.Debug|Any CPU.Build.0 = Debug|Any CPU
		{FE93CC71-28C7-4673-8589-47E302C95DE7}.Debug|x64.ActiveCfg = Debug|Any CPU
		{FE93CC71-28C7-4673-8589-47E302C95DE7}.Debug|x64.Build.0 = Debug|Any CPU
		{FE93CC71-28C7-4673-8589-47E302C95DE7}.Debug|x86.ActiveCfg = Debug|Any CPU
		{FE93CC71-28C7-4673-8589-47E302C95DE7}.Debug|x86.Build.0 = Debug|Any CPU
		{FE93CC71-28C7-4673-8589-47E302C95DE7}.Release|Any CPU.ActiveCfg = Release|Any CPU
		{FE93CC71-28C7-4673-8589-47E302C95DE7}.Release|Any CPU.Build.0 = Release|Any CPU
		{FE93CC71-28C7-4673-8589-47E302C95DE7}.Release|x64.ActiveCfg = Release|Any CPU
		{FE93CC71-28C7-4673-8589-47E302C95DE7}.Release|x64.Build.0 = Release|Any CPU
		{FE93CC71-28C7-4673-8589-47E302C95DE7}.Release|x86.ActiveCfg = Release|Any CPU
		{FE93CC71-28C7-4673-8589-47E302C95DE7}.Release|x86.Build.0 = Release|Any CPU
		{491D3B7D-5178-473F-8021-0CA81368FE59}.Debug|Any CPU.ActiveCfg = Debug|Any CPU
		{491D3B7D-5178-473F-8021-0CA81368FE59}.Debug|Any CPU.Build.0 = Debug|Any CPU
		{491D3B7D-5178-473F-8021-0CA81368FE59}.Debug|x64.ActiveCfg = Debug|Any CPU
		{491D3B7D-5178-473F-8021-0CA81368FE59}.Debug|x64.Build.0 = Debug|Any CPU
		{491D3B7D-5178-473F-8021-0CA81368FE59}.Debug|x86.ActiveCfg = Debug|Any CPU
		{491D3B7D-5178-473F-8021-0CA81368FE59}.Debug|x86.Build.0 = Debug|Any CPU
		{491D3B7D-5178-473F-8021-0CA81368FE59}.Release|Any CPU.ActiveCfg = Release|Any CPU
		{491D3B7D-5178-473F-8021-0CA81368FE59}.Release|Any CPU.Build.0 = Release|Any CPU
		{491D3B7D-5178-473F-8021-0CA81368FE59}.Release|x64.ActiveCfg = Release|Any CPU
		{491D3B7D-5178-473F-8021-0CA81368FE59}.Release|x64.Build.0 = Release|Any CPU
		{491D3B7D-5178-473F-8021-0CA81368FE59}.Release|x86.ActiveCfg = Release|Any CPU
		{491D3B7D-5178-473F-8021-0CA81368FE59}.Release|x86.Build.0 = Release|Any CPU
	EndGlobalSection
	GlobalSection(SolutionProperties) = preSolution
		HideSolutionNode = FALSE
	EndGlobalSection
	GlobalSection(ExtensibilityGlobals) = postSolution
		SolutionGuid = {595028F2-CAB2-44B9-8DBD-79E5A0D6AD94}
	EndGlobalSection
EndGlobal
